
Microsoft Visual Studio Solution File, Format Version 12.00
# Visual Studio Version 17
VisualStudioVersion = 17.11.35312.102
MinimumVisualStudioVersion = 10.0.40219.1
Project("{FAE04EC0-301F-11D3-BF4B-00C04F79EFBC}") = "Q2examValeriiNavalnyi", "Q2examValeriiNavalnyi\Q2examValeriiNavalnyi.csproj", "{479F1330-DA25-4F82-B647-DE0DAAC91379}"
EndProject
Global
	GlobalSection(SolutionConfigurationPlatforms) = preSolution
		Debug|Any CPU = Debug|Any CPU
		Release|Any CPU = Release|Any CPU
	EndGlobalSection
	GlobalSection(ProjectConfigurationPlatforms) = postSolution
		{479F1330-DA25-4F82-B647-DE0DAAC91379}.Debug|Any CPU.ActiveCfg = Debug|Any CPU
		{479F1330-DA25-4F82-B647-DE0DAAC91379}.Debug|Any CPU.Build.0 = Debug|Any CPU
		{479F1330-DA25-4F82-B647-DE0DAAC91379}.Release|Any CPU.ActiveCfg = Release|Any CPU
		{479F1330-DA25-4F82-B647-DE0DAAC91379}.Release|Any CPU.Build.0 = Release|Any CPU
	EndGlobalSection
	GlobalSection(SolutionProperties) = preSolution
		HideSolutionNode = FALSE
	EndGlobalSection
	GlobalSection(ExtensibilityGlobals) = postSolution
		SolutionGuid = {CFDE01C9-40BF-416C-950B-05765F9AA3C5}
	EndGlobalSection
EndGlobal
